
Microsoft Visual Studio Solution File, Format Version 12.00
# Visual Studio 15
VisualStudioVersion = 15.0.27004.2002
MinimumVisualStudioVersion = 10.0.40219.1
Project("{9A19103F-16F7-4668-BE54-9A1E7A4F7556}") = "BrewdogApi", "BrewdogApi\BrewdogApi.csproj", "{7C176465-2475-43E2-B98C-4BC004613C93}"
EndProject
Project("{9A19103F-16F7-4668-BE54-9A1E7A4F7556}") = "HttpService", "HttpService\HttpService.csproj", "{0F4E5C0F-EC09-4A5A-A812-5D3A4DA90D88}"
EndProject
Project("{2150E333-8FDC-42A3-9474-1A3956D46DE8}") = "Services", "Services", "{72B16CE7-F589-4BD7-87FB-FC3DA1BB435F}"
EndProject
Project("{2150E333-8FDC-42A3-9474-1A3956D46DE8}") = "BrewdogExtensions", "BrewdogExtensions", "{FA24D3BA-679F-4E02-9FB3-742C7DAB00A4}"
EndProject
Project("{FAE04EC0-301F-11D3-BF4B-00C04F79EFBC}") = "Brewdog.Extensions", "Brewdog.Extensions\Brewdog.Extensions.csproj", "{16AFA4E6-0568-4199-A5C0-32018ED2AC0D}"
EndProject
Project("{2150E333-8FDC-42A3-9474-1A3956D46DE8}") = "HtmlGenerator", "HtmlGenerator", "{F5179D11-58E8-4671-B0E9-13935EBC8E74}"
EndProject
Project("{FAE04EC0-301F-11D3-BF4B-00C04F79EFBC}") = "Brewdog.HtmlGenerator", "Brewdog.HtmlGenerator\Brewdog.HtmlGenerator.csproj", "{9D334352-C8F8-4C3D-8D92-AD6D405E8829}"
EndProject
Global
	GlobalSection(SolutionConfigurationPlatforms) = preSolution
		Debug|Any CPU = Debug|Any CPU
		Release|Any CPU = Release|Any CPU
	EndGlobalSection
	GlobalSection(ProjectConfigurationPlatforms) = postSolution
		{7C176465-2475-43E2-B98C-4BC004613C93}.Debug|Any CPU.ActiveCfg = Debug|Any CPU
		{7C176465-2475-43E2-B98C-4BC004613C93}.Debug|Any CPU.Build.0 = Debug|Any CPU
		{7C176465-2475-43E2-B98C-4BC004613C93}.Release|Any CPU.ActiveCfg = Release|Any CPU
		{7C176465-2475-43E2-B98C-4BC004613C93}.Release|Any CPU.Build.0 = Release|Any CPU
		{0F4E5C0F-EC09-4A5A-A812-5D3A4DA90D88}.Debug|Any CPU.ActiveCfg = Debug|Any CPU
		{0F4E5C0F-EC09-4A5A-A812-5D3A4DA90D88}.Debug|Any CPU.Build.0 = Debug|Any CPU
		{0F4E5C0F-EC09-4A5A-A812-5D3A4DA90D88}.Release|Any CPU.ActiveCfg = Release|Any CPU
		{0F4E5C0F-EC09-4A5A-A812-5D3A4DA90D88}.Release|Any CPU.Build.0 = Release|Any CPU
		{16AFA4E6-0568-4199-A5C0-32018ED2AC0D}.Debug|Any CPU.ActiveCfg = Debug|Any CPU
		{16AFA4E6-0568-4199-A5C0-32018ED2AC0D}.Debug|Any CPU.Build.0 = Debug|Any CPU
		{16AFA4E6-0568-4199-A5C0-32018ED2AC0D}.Release|Any CPU.ActiveCfg = Release|Any CPU
		{16AFA4E6-0568-4199-A5C0-32018ED2AC0D}.Release|Any CPU.Build.0 = Release|Any CPU
		{9D334352-C8F8-4C3D-8D92-AD6D405E8829}.Debug|Any CPU.ActiveCfg = Debug|Any CPU
		{9D334352-C8F8-4C3D-8D92-AD6D405E8829}.Debug|Any CPU.Build.0 = Debug|Any CPU
		{9D334352-C8F8-4C3D-8D92-AD6D405E8829}.Release|Any CPU.ActiveCfg = Release|Any CPU
		{9D334352-C8F8-4C3D-8D92-AD6D405E8829}.Release|Any CPU.Build.0 = Release|Any CPU
	EndGlobalSection
	GlobalSection(SolutionProperties) = preSolution
		HideSolutionNode = FALSE
	EndGlobalSection
	GlobalSection(NestedProjects) = preSolution
		{0F4E5C0F-EC09-4A5A-A812-5D3A4DA90D88} = {72B16CE7-F589-4BD7-87FB-FC3DA1BB435F}
		{16AFA4E6-0568-4199-A5C0-32018ED2AC0D} = {FA24D3BA-679F-4E02-9FB3-742C7DAB00A4}
		{9D334352-C8F8-4C3D-8D92-AD6D405E8829} = {F5179D11-58E8-4671-B0E9-13935EBC8E74}
	EndGlobalSection
	GlobalSection(ExtensibilityGlobals) = postSolution
		SolutionGuid = {D077FA23-1763-4A7F-9353-C46314D6A510}
	EndGlobalSection
EndGlobal
